
Microsoft Visual Studio Solution File, Format Version 12.00
# Visual Studio Version 17
VisualStudioVersion = 17.7.34003.232
MinimumVisualStudioVersion = 10.0.40219.1
Project("{FAE04EC0-301F-11D3-BF4B-00C04F79EFBC}") = "WMBA-4", "WMBA-4\WMBA-4.csproj", "{1A1A1EEB-B76A-49B8-AB2A-E3EDB63B1D5F}"
EndProject
Global
	GlobalSection(SolutionConfigurationPlatforms) = preSolution
		Debug|Any CPU = Debug|Any CPU
		Release|Any CPU = Release|Any CPU
	EndGlobalSection
	GlobalSection(ProjectConfigurationPlatforms) = postSolution
		{1A1A1EEB-B76A-49B8-AB2A-E3EDB63B1D5F}.Debug|Any CPU.ActiveCfg = Debug|Any CPU
		{1A1A1EEB-B76A-49B8-AB2A-E3EDB63B1D5F}.Debug|Any CPU.Build.0 = Debug|Any CPU
		{1A1A1EEB-B76A-49B8-AB2A-E3EDB63B1D5F}.Release|Any CPU.ActiveCfg = Release|Any CPU
		{1A1A1EEB-B76A-49B8-AB2A-E3EDB63B1D5F}.Release|Any CPU.Build.0 = Release|Any CPU
	EndGlobalSection
	GlobalSection(SolutionProperties) = preSolution
		HideSolutionNode = FALSE
	EndGlobalSection
	GlobalSection(ExtensibilityGlobals) = postSolution
		SolutionGuid = {D8448912-7408-4483-B513-83FCDDD3C6A7}
	EndGlobalSection
EndGlobal
